PODS:
  - composeApp (1.0):
    - MapLibre (= 6.7.1)
  - MapLibre (6.7.1)
  - ZIPFoundation (0.9.19)

DEPENDENCIES:
  - composeApp (from `../composeApp`)
  - ZIPFoundation (~> 0.9.19)

SPEC REPOS:
  trunk:
    - MapLibre
    - ZIPFoundation

EXTERNAL SOURCES:
  composeApp:
    :path: "../composeApp"

SPEC CHECKSUMS:
  composeApp: 684df6feda96cd320292cf507b392207379c97da
  MapLibre: a82ab2ca7a727a2f0a72b2c474c13e8633e2fc91
  ZIPFoundation: b8c29ea7ae353b309bc810586181fd073cb3312c

PODFILE CHECKSUM: bbecdde507012caa3e44e9aa5f9778e7a68ba178

COCOAPODS: 1.15.2
