PODS:
  - composeApp (0.1.0):
    - MapLibre (= 6.7.1)
    - zipzap
  - MapLibre (6.7.1)
  - zipzap (8.1.1)

DEPENDENCIES:
  - composeApp (from `../composeApp`)

SPEC REPOS:
  trunk:
    - MapLibre
    - zipzap

EXTERNAL SOURCES:
  composeApp:
    :path: "../composeApp"

SPEC CHECKSUMS:
  composeApp: c05790b7a4454f6f855ea20d66be6076311517d7
  MapLibre: a82ab2ca7a727a2f0a72b2c474c13e8633e2fc91
  zipzap: 940162d9c9c60472c2eab341385e4214da0fdf1c

PODFILE CHECKSUM: 1d55fdfa0ef6c2c8bd6da85a2bc30b1fce4f975e

COCOAPODS: 1.15.2
